
Microsoft Visual Studio Solution File, Format Version 12.00
# Visual Studio Version 16
VisualStudioVersion = 16.0.31005.135
MinimumVisualStudioVersion = 10.0.40219.1
Project("{FAE04EC0-301F-11D3-BF4B-00C04F79EFBC}") = "HelloSourceGenerator", "HelloSourceGenerator\HelloSourceGenerator.csproj", "{1CBDB568-5D82-4749-A207-14C36424D8D4}"
EndProject
Project("{FAE04EC0-301F-11D3-BF4B-00C04F79EFBC}") = "HelloSourceGeneratorConsoleApp", "HelloSourceGeneratorConsoleApp\HelloSourceGeneratorConsoleApp.csproj", "{5DB5F4A1-E24D-4106-9FDF-2CB56585B080}"
EndProject
Global
	GlobalSection(SolutionConfigurationPlatforms) = preSolution
		Debug|Any CPU = Debug|Any CPU
		Release|Any CPU = Release|Any CPU
	EndGlobalSection
	GlobalSection(ProjectConfigurationPlatforms) = postSolution
		{1CBDB568-5D82-4749-A207-14C36424D8D4}.Debug|Any CPU.ActiveCfg = Debug|Any CPU
		{1CBDB568-5D82-4749-A207-14C36424D8D4}.Debug|Any CPU.Build.0 = Debug|Any CPU
		{1CBDB568-5D82-4749-A207-14C36424D8D4}.Release|Any CPU.ActiveCfg = Release|Any CPU
		{1CBDB568-5D82-4749-A207-14C36424D8D4}.Release|Any CPU.Build.0 = Release|Any CPU
		{5DB5F4A1-E24D-4106-9FDF-2CB56585B080}.Debug|Any CPU.ActiveCfg = Debug|Any CPU
		{5DB5F4A1-E24D-4106-9FDF-2CB56585B080}.Debug|Any CPU.Build.0 = Debug|Any CPU
		{5DB5F4A1-E24D-4106-9FDF-2CB56585B080}.Release|Any CPU.ActiveCfg = Release|Any CPU
		{5DB5F4A1-E24D-4106-9FDF-2CB56585B080}.Release|Any CPU.Build.0 = Release|Any CPU
	EndGlobalSection
	GlobalSection(SolutionProperties) = preSolution
		HideSolutionNode = FALSE
	EndGlobalSection
	GlobalSection(ExtensibilityGlobals) = postSolution
		SolutionGuid = {14F10601-5EC7-47E0-93ED-483565A2AFB9}
	EndGlobalSection
EndGlobal
